
Microsoft Visual Studio Solution File, Format Version 12.00
# Visual Studio 2015
Project("{FAE04EC0-301F-11D3-BF4B-00C04F79EFBC}") = "IS_Project.CSharp", "IS_Project.CSharp.csproj", "{9326EDFD-6569-60D4-BFBF-DA07EE1FA309}"
EndProject
Global
	GlobalSection(SolutionConfigurationPlatforms) = preSolution
		Debug|Any CPU = Debug|Any CPU
		Release|Any CPU = Release|Any CPU
	EndGlobalSection
	GlobalSection(ProjectConfigurationPlatforms) = postSolution
		{9326EDFD-6569-60D4-BFBF-DA07EE1FA309}.Debug|Any CPU.ActiveCfg = Debug|Any CPU
		{9326EDFD-6569-60D4-BFBF-DA07EE1FA309}.Debug|Any CPU.Build.0 = Debug|Any CPU
		{9326EDFD-6569-60D4-BFBF-DA07EE1FA309}.Release|Any CPU.ActiveCfg = Release|Any CPU
		{9326EDFD-6569-60D4-BFBF-DA07EE1FA309}.Release|Any CPU.Build.0 = Release|Any CPU
	EndGlobalSection
	GlobalSection(SolutionProperties) = preSolution
		HideSolutionNode = FALSE
	EndGlobalSection
EndGlobal
